
Microsoft Visual Studio Solution File, Format Version 12.00
# Visual Studio Version 16
VisualStudioVersion = 16.0.30223.230
MinimumVisualStudioVersion = 10.0.40219.1
Project("{FAE04EC0-301F-11D3-BF4B-00C04F79EFBC}") = "System.Extensions", "src\System.Extensions\System.Extensions.csproj", "{2F6FC25E-FEA4-49D8-91D8-FEA556BD9E52}"
EndProject
Project("{2150E333-8FDC-42A3-9474-1A3956D46DE8}") = "Solution Items", "Solution Items", "{AF4F16F3-2033-4D47-B322-66DB6774169B}"
	ProjectSection(SolutionItems) = preProject
		README.md = README.md
	EndProjectSection
EndProject
Project("{FAE04EC0-301F-11D3-BF4B-00C04F79EFBC}") = "System.Extensions.Tests", "tests\System.Extensions.Tests\System.Extensions.Tests.csproj", "{BD734F97-A027-4C7F-94FB-576DE191FD13}"
EndProject
Global
	GlobalSection(SolutionConfigurationPlatforms) = preSolution
		Debug|Any CPU = Debug|Any CPU
		Release|Any CPU = Release|Any CPU
	EndGlobalSection
	GlobalSection(ProjectConfigurationPlatforms) = postSolution
		{2F6FC25E-FEA4-49D8-91D8-FEA556BD9E52}.Debug|Any CPU.ActiveCfg = Debug|Any CPU
		{2F6FC25E-FEA4-49D8-91D8-FEA556BD9E52}.Debug|Any CPU.Build.0 = Debug|Any CPU
		{2F6FC25E-FEA4-49D8-91D8-FEA556BD9E52}.Release|Any CPU.ActiveCfg = Release|Any CPU
		{2F6FC25E-FEA4-49D8-91D8-FEA556BD9E52}.Release|Any CPU.Build.0 = Release|Any CPU
		{BD734F97-A027-4C7F-94FB-576DE191FD13}.Debug|Any CPU.ActiveCfg = Debug|Any CPU
		{BD734F97-A027-4C7F-94FB-576DE191FD13}.Debug|Any CPU.Build.0 = Debug|Any CPU
		{BD734F97-A027-4C7F-94FB-576DE191FD13}.Release|Any CPU.ActiveCfg = Release|Any CPU
		{BD734F97-A027-4C7F-94FB-576DE191FD13}.Release|Any CPU.Build.0 = Release|Any CPU
	EndGlobalSection
	GlobalSection(SolutionProperties) = preSolution
		HideSolutionNode = FALSE
	EndGlobalSection
	GlobalSection(ExtensibilityGlobals) = postSolution
		SolutionGuid = {5DD918F2-4BE9-4856-BDAF-E7E49115DAD8}
	EndGlobalSection
EndGlobal
